{"1.2.0",
[{<<"pkt">>,{pkg,<<"pkt">>,<<"0.6.0">>},0},
 {<<"procket">>,{pkg,<<"procket">>,<<"0.9.10">>},0}]}.
[
{pkg_hash,[
 {<<"pkt">>, <<"F4B73090FC7C71CC7F4AFC172537BBEC80BDC981365F04017D6F02814ACC8399">>},
 {<<"procket">>, <<"21824FA3881377754238A7A2E08B7865350CE3FA2CDE8BE54872806B9CDBB6BB">>}]},
{pkg_hash_ext,[
 {<<"pkt">>, <<"3FF876782E7D5EC06643038843203C7F5F77BABE35F29BFB95B4935BACBC32AC">>},
 {<<"procket">>, <<"B73A8E31F8395BEA90A5B27F95FDF32DE81FD8097AA51709D18BBF85DB04C9BA">>}]}
].
