{"1.2.0",
[{<<"pkt">>,{pkg,<<"pkt">>,<<"0.6.0">>},0},
 {<<"procket">>,{pkg,<<"procket">>,<<"0.9.9">>},0}]}.
[
{pkg_hash,[
 {<<"pkt">>, <<"F4B73090FC7C71CC7F4AFC172537BBEC80BDC981365F04017D6F02814ACC8399">>},
 {<<"procket">>, <<"3E46D409B67BD1187E94B516A3730B84B065224D3523AB3F26CC4CF3E596E5F4">>}]},
{pkg_hash_ext,[
 {<<"pkt">>, <<"3FF876782E7D5EC06643038843203C7F5F77BABE35F29BFB95B4935BACBC32AC">>},
 {<<"procket">>, <<"EB3A31377894CB16C0A12E6A44773DD3BD224B602F40EED167B3ACAC5FBF30CF">>}]}
].
